
Microsoft Visual Studio Solution File, Format Version 12.00
# Visual Studio Version 17
VisualStudioVersion = 17.11.35327.3
MinimumVisualStudioVersion = 10.0.40219.1
Project("{FAE04EC0-301F-11D3-BF4B-00C04F79EFBC}") = "用户信息的发送5", "用户信息的发送5\用户信息的发送5.csproj", "{63F22810-E456-40AE-82F0-ABD3614D69BA}"
EndProject
Project("{FAE04EC0-301F-11D3-BF4B-00C04F79EFBC}") = "MyDLL", "MyDLL\MyDLL.csproj", "{0DFACC75-F95B-41B4-8520-A16AA11F63C6}"
EndProject
Project("{FAE04EC0-301F-11D3-BF4B-00C04F79EFBC}") = "Model", "Model\Model.csproj", "{A4B57CBF-3B42-4BBF-859E-C9597DD5DE3D}"
EndProject
Project("{FAE04EC0-301F-11D3-BF4B-00C04F79EFBC}") = "ImageClient", "ImageClient\ImageClient.csproj", "{845079D3-7F02-4BFF-9089-6C6F65CA8CAF}"
EndProject
Global
	GlobalSection(SolutionConfigurationPlatforms) = preSolution
		Debug|Any CPU = Debug|Any CPU
		Release|Any CPU = Release|Any CPU
	EndGlobalSection
	GlobalSection(ProjectConfigurationPlatforms) = postSolution
		{63F22810-E456-40AE-82F0-ABD3614D69BA}.Debug|Any CPU.ActiveCfg = Debug|Any CPU
		{63F22810-E456-40AE-82F0-ABD3614D69BA}.Debug|Any CPU.Build.0 = Debug|Any CPU
		{63F22810-E456-40AE-82F0-ABD3614D69BA}.Release|Any CPU.ActiveCfg = Release|Any CPU
		{63F22810-E456-40AE-82F0-ABD3614D69BA}.Release|Any CPU.Build.0 = Release|Any CPU
		{0DFACC75-F95B-41B4-8520-A16AA11F63C6}.Debug|Any CPU.ActiveCfg = Debug|Any CPU
		{0DFACC75-F95B-41B4-8520-A16AA11F63C6}.Debug|Any CPU.Build.0 = Debug|Any CPU
		{0DFACC75-F95B-41B4-8520-A16AA11F63C6}.Release|Any CPU.ActiveCfg = Release|Any CPU
		{0DFACC75-F95B-41B4-8520-A16AA11F63C6}.Release|Any CPU.Build.0 = Release|Any CPU
		{A4B57CBF-3B42-4BBF-859E-C9597DD5DE3D}.Debug|Any CPU.ActiveCfg = Debug|Any CPU
		{A4B57CBF-3B42-4BBF-859E-C9597DD5DE3D}.Debug|Any CPU.Build.0 = Debug|Any CPU
		{A4B57CBF-3B42-4BBF-859E-C9597DD5DE3D}.Release|Any CPU.ActiveCfg = Release|Any CPU
		{A4B57CBF-3B42-4BBF-859E-C9597DD5DE3D}.Release|Any CPU.Build.0 = Release|Any CPU
		{845079D3-7F02-4BFF-9089-6C6F65CA8CAF}.Debug|Any CPU.ActiveCfg = Debug|Any CPU
		{845079D3-7F02-4BFF-9089-6C6F65CA8CAF}.Debug|Any CPU.Build.0 = Debug|Any CPU
		{845079D3-7F02-4BFF-9089-6C6F65CA8CAF}.Release|Any CPU.ActiveCfg = Release|Any CPU
		{845079D3-7F02-4BFF-9089-6C6F65CA8CAF}.Release|Any CPU.Build.0 = Release|Any CPU
	EndGlobalSection
	GlobalSection(SolutionProperties) = preSolution
		HideSolutionNode = FALSE
	EndGlobalSection
	GlobalSection(ExtensibilityGlobals) = postSolution
		SolutionGuid = {D41F7AD5-5FD2-4187-A349-36A963C1E503}
	EndGlobalSection
EndGlobal
